langcode: en
status: true
dependencies:
  module:
    - drupalcamp
  theme:
    - bartik
id: linksblock
theme: bartik
region: sidebar_first
weight: null
provider: null
plugin: links_block
settings:
  id: links_block
  label: 'Links block'
  provider: drupalcamp
  label_display: visible
visibility: {  }
